
Microsoft Visual Studio Solution File, Format Version 12.00
# Visual Studio Version 17
VisualStudioVersion = 17.6.33829.357
MinimumVisualStudioVersion = 10.0.40219.1
Project("{2150E333-8FDC-42A3-9474-1A3956D46DE8}") = "00-Core", "00-Core", "{1A703CAA-6B07-444A-B737-3686D63945FF}"
EndProject
Project("{2150E333-8FDC-42A3-9474-1A3956D46DE8}") = "00-CrossCutting", "00-CrossCutting", "{2F505254-0175-4CA6-A0FA-75467E38D5B3}"
EndProject
Project("{9A19103F-16F7-4668-BE54-9A1E7A4F7556}") = "ValidacaoHelper", "ValidacaoHelper\ValidacaoHelper.csproj", "{F401FF07-6DB4-4B42-8C7B-43EE35B5C362}"
EndProject
Project("{9A19103F-16F7-4668-BE54-9A1E7A4F7556}") = "EDSCore", "EDSCore\EDSCore.csproj", "{B5DBB7F2-CA4F-4714-8F95-5ACF6F6B7A94}"
EndProject
Project("{9A19103F-16F7-4668-BE54-9A1E7A4F7556}") = "ContratoDTOs", "ContratoDTOs\ContratoDTOs.csproj", "{0F741EC1-3327-4D83-B23E-0317516799B8}"
EndProject
Project("{9A19103F-16F7-4668-BE54-9A1E7A4F7556}") = "HubDTOs", "HubDTOs\HubDTOs.csproj", "{FC9280F3-E3FB-4B85-B4D0-B4B2D1450899}"
EndProject
Project("{2150E333-8FDC-42A3-9474-1A3956D46DE8}") = "02-Infraestrutura", "02-Infraestrutura", "{1F3B9A06-2E91-4024-A142-D2DE1F0AC878}"
EndProject
Project("{2150E333-8FDC-42A3-9474-1A3956D46DE8}") = "04-Servicos", "04-Servicos", "{95DD1964-BE85-4397-A2B6-B48A2EE0E1F2}"
EndProject
Project("{9A19103F-16F7-4668-BE54-9A1E7A4F7556}") = "ServicoAutorizacao", "ServicoAutorizacao\ServicoAutorizacao.csproj", "{B830AC7E-B72A-4F36-8625-3472D72F5B98}"
EndProject
Project("{9A19103F-16F7-4668-BE54-9A1E7A4F7556}") = "ServiceFotoUsuario", "ServiceFotoUsuario\ServiceFotoUsuario.csproj", "{9BB80BFC-5952-4647-968D-9EDFAC1194C4}"
EndProject
Project("{2150E333-8FDC-42A3-9474-1A3956D46DE8}") = "05-WebServices", "05-WebServices", "{113C774F-75AC-4504-81E6-ACABA9E21046}"
EndProject
Project("{9A19103F-16F7-4668-BE54-9A1E7A4F7556}") = "APIGatewayEDS", "APIGatewayEDS\APIGatewayEDS.csproj", "{0C62C008-43DD-41CC-8392-D7418016FE79}"
EndProject
Project("{9A19103F-16F7-4668-BE54-9A1E7A4F7556}") = "OrganizacaoDTOS", "OrganizacaoDTOS\OrganizacaoDTOS.csproj", "{349093AA-6CFD-49AD-9568-44ECA51CB333}"
EndProject
Project("{9A19103F-16F7-4668-BE54-9A1E7A4F7556}") = "ServicosEmailHub", "ServicosEmailHub\ServicosEmailHub.csproj", "{AADF99B9-F1AE-49E3-B5DA-353EF63A512E}"
EndProject
Project("{9A19103F-16F7-4668-BE54-9A1E7A4F7556}") = "Repositorios", "Repositorios\Repositorios.csproj", "{843E0078-B51E-420C-BCAB-5265A3002A2F}"
EndProject
Project("{2150E333-8FDC-42A3-9474-1A3956D46DE8}") = "01-Dominio", "01-Dominio", "{1DA6FA85-85A5-4806-89BA-712395D4FF00}"
EndProject
Project("{9A19103F-16F7-4668-BE54-9A1E7A4F7556}") = "Hubs.Dominio", "Hubs.Dominio\Hubs.Dominio.csproj", "{2615D4ED-7FD1-4883-BA55-3A877EAC8545}"
EndProject
Global
	GlobalSection(SolutionConfigurationPlatforms) = preSolution
		Debug|Any CPU = Debug|Any CPU
		Release|Any CPU = Release|Any CPU
	EndGlobalSection
	GlobalSection(ProjectConfigurationPlatforms) = postSolution
		{F401FF07-6DB4-4B42-8C7B-43EE35B5C362}.Debug|Any CPU.ActiveCfg = Debug|Any CPU
		{F401FF07-6DB4-4B42-8C7B-43EE35B5C362}.Debug|Any CPU.Build.0 = Debug|Any CPU
		{F401FF07-6DB4-4B42-8C7B-43EE35B5C362}.Release|Any CPU.ActiveCfg = Release|Any CPU
		{F401FF07-6DB4-4B42-8C7B-43EE35B5C362}.Release|Any CPU.Build.0 = Release|Any CPU
		{B5DBB7F2-CA4F-4714-8F95-5ACF6F6B7A94}.Debug|Any CPU.ActiveCfg = Debug|Any CPU
		{B5DBB7F2-CA4F-4714-8F95-5ACF6F6B7A94}.Debug|Any CPU.Build.0 = Debug|Any CPU
		{B5DBB7F2-CA4F-4714-8F95-5ACF6F6B7A94}.Release|Any CPU.ActiveCfg = Release|Any CPU
		{B5DBB7F2-CA4F-4714-8F95-5ACF6F6B7A94}.Release|Any CPU.Build.0 = Release|Any CPU
		{0F741EC1-3327-4D83-B23E-0317516799B8}.Debug|Any CPU.ActiveCfg = Debug|Any CPU
		{0F741EC1-3327-4D83-B23E-0317516799B8}.Debug|Any CPU.Build.0 = Debug|Any CPU
		{0F741EC1-3327-4D83-B23E-0317516799B8}.Release|Any CPU.ActiveCfg = Release|Any CPU
		{0F741EC1-3327-4D83-B23E-0317516799B8}.Release|Any CPU.Build.0 = Release|Any CPU
		{FC9280F3-E3FB-4B85-B4D0-B4B2D1450899}.Debug|Any CPU.ActiveCfg = Debug|Any CPU
		{FC9280F3-E3FB-4B85-B4D0-B4B2D1450899}.Debug|Any CPU.Build.0 = Debug|Any CPU
		{FC9280F3-E3FB-4B85-B4D0-B4B2D1450899}.Release|Any CPU.ActiveCfg = Release|Any CPU
		{FC9280F3-E3FB-4B85-B4D0-B4B2D1450899}.Release|Any CPU.Build.0 = Release|Any CPU
		{B830AC7E-B72A-4F36-8625-3472D72F5B98}.Debug|Any CPU.ActiveCfg = Debug|Any CPU
		{B830AC7E-B72A-4F36-8625-3472D72F5B98}.Debug|Any CPU.Build.0 = Debug|Any CPU
		{B830AC7E-B72A-4F36-8625-3472D72F5B98}.Release|Any CPU.ActiveCfg = Release|Any CPU
		{B830AC7E-B72A-4F36-8625-3472D72F5B98}.Release|Any CPU.Build.0 = Release|Any CPU
		{9BB80BFC-5952-4647-968D-9EDFAC1194C4}.Debug|Any CPU.ActiveCfg = Debug|Any CPU
		{9BB80BFC-5952-4647-968D-9EDFAC1194C4}.Debug|Any CPU.Build.0 = Debug|Any CPU
		{9BB80BFC-5952-4647-968D-9EDFAC1194C4}.Release|Any CPU.ActiveCfg = Release|Any CPU
		{9BB80BFC-5952-4647-968D-9EDFAC1194C4}.Release|Any CPU.Build.0 = Release|Any CPU
		{0C62C008-43DD-41CC-8392-D7418016FE79}.Debug|Any CPU.ActiveCfg = Debug|Any CPU
		{0C62C008-43DD-41CC-8392-D7418016FE79}.Debug|Any CPU.Build.0 = Debug|Any CPU
		{0C62C008-43DD-41CC-8392-D7418016FE79}.Release|Any CPU.ActiveCfg = Release|Any CPU
		{0C62C008-43DD-41CC-8392-D7418016FE79}.Release|Any CPU.Build.0 = Release|Any CPU
		{349093AA-6CFD-49AD-9568-44ECA51CB333}.Debug|Any CPU.ActiveCfg = Debug|Any CPU
		{349093AA-6CFD-49AD-9568-44ECA51CB333}.Debug|Any CPU.Build.0 = Debug|Any CPU
		{349093AA-6CFD-49AD-9568-44ECA51CB333}.Release|Any CPU.ActiveCfg = Release|Any CPU
		{349093AA-6CFD-49AD-9568-44ECA51CB333}.Release|Any CPU.Build.0 = Release|Any CPU
		{AADF99B9-F1AE-49E3-B5DA-353EF63A512E}.Debug|Any CPU.ActiveCfg = Debug|Any CPU
		{AADF99B9-F1AE-49E3-B5DA-353EF63A512E}.Debug|Any CPU.Build.0 = Debug|Any CPU
		{AADF99B9-F1AE-49E3-B5DA-353EF63A512E}.Release|Any CPU.ActiveCfg = Release|Any CPU
		{AADF99B9-F1AE-49E3-B5DA-353EF63A512E}.Release|Any CPU.Build.0 = Release|Any CPU
		{843E0078-B51E-420C-BCAB-5265A3002A2F}.Debug|Any CPU.ActiveCfg = Debug|Any CPU
		{843E0078-B51E-420C-BCAB-5265A3002A2F}.Debug|Any CPU.Build.0 = Debug|Any CPU
		{843E0078-B51E-420C-BCAB-5265A3002A2F}.Release|Any CPU.ActiveCfg = Release|Any CPU
		{843E0078-B51E-420C-BCAB-5265A3002A2F}.Release|Any CPU.Build.0 = Release|Any CPU
		{2615D4ED-7FD1-4883-BA55-3A877EAC8545}.Debug|Any CPU.ActiveCfg = Debug|Any CPU
		{2615D4ED-7FD1-4883-BA55-3A877EAC8545}.Debug|Any CPU.Build.0 = Debug|Any CPU
		{2615D4ED-7FD1-4883-BA55-3A877EAC8545}.Release|Any CPU.ActiveCfg = Release|Any CPU
		{2615D4ED-7FD1-4883-BA55-3A877EAC8545}.Release|Any CPU.Build.0 = Release|Any CPU
	EndGlobalSection
	GlobalSection(SolutionProperties) = preSolution
		HideSolutionNode = FALSE
	EndGlobalSection
	GlobalSection(NestedProjects) = preSolution
		{F401FF07-6DB4-4B42-8C7B-43EE35B5C362} = {1A703CAA-6B07-444A-B737-3686D63945FF}
		{B5DBB7F2-CA4F-4714-8F95-5ACF6F6B7A94} = {1A703CAA-6B07-444A-B737-3686D63945FF}
		{0F741EC1-3327-4D83-B23E-0317516799B8} = {2F505254-0175-4CA6-A0FA-75467E38D5B3}
		{FC9280F3-E3FB-4B85-B4D0-B4B2D1450899} = {2F505254-0175-4CA6-A0FA-75467E38D5B3}
		{B830AC7E-B72A-4F36-8625-3472D72F5B98} = {95DD1964-BE85-4397-A2B6-B48A2EE0E1F2}
		{9BB80BFC-5952-4647-968D-9EDFAC1194C4} = {95DD1964-BE85-4397-A2B6-B48A2EE0E1F2}
		{0C62C008-43DD-41CC-8392-D7418016FE79} = {113C774F-75AC-4504-81E6-ACABA9E21046}
		{349093AA-6CFD-49AD-9568-44ECA51CB333} = {2F505254-0175-4CA6-A0FA-75467E38D5B3}
		{AADF99B9-F1AE-49E3-B5DA-353EF63A512E} = {95DD1964-BE85-4397-A2B6-B48A2EE0E1F2}
		{843E0078-B51E-420C-BCAB-5265A3002A2F} = {1F3B9A06-2E91-4024-A142-D2DE1F0AC878}
		{2615D4ED-7FD1-4883-BA55-3A877EAC8545} = {1DA6FA85-85A5-4806-89BA-712395D4FF00}
	EndGlobalSection
	GlobalSection(ExtensibilityGlobals) = postSolution
		SolutionGuid = {A812292D-60E0-44B0-AFEC-ACC7ABFA1218}
	EndGlobalSection
EndGlobal
